
Microsoft Visual Studio Solution File, Format Version 12.00
# Visual Studio Version 17
VisualStudioVersion = 17.5.002.0
MinimumVisualStudioVersion = 10.0.40219.1
Project("{9A19103F-16F7-4668-BE54-9A1E7A4F7556}") = "FlickDB", "FlickDB\FlickDB.csproj", "{13124DFD-0C06-409A-9EE5-FC2ED2E5C4D3}"
EndProject
Project("{9A19103F-16F7-4668-BE54-9A1E7A4F7556}") = "FlickDBLib", "FlickDBLib\FlickDBLib.csproj", "{A50F6A4C-0865-4437-ADDB-8B9DB810317F}"
EndProject
Global
	GlobalSection(SolutionConfigurationPlatforms) = preSolution
		Debug|Any CPU = Debug|Any CPU
		Release|Any CPU = Release|Any CPU
	EndGlobalSection
	GlobalSection(ProjectConfigurationPlatforms) = postSolution
		{13124DFD-0C06-409A-9EE5-FC2ED2E5C4D3}.Debug|Any CPU.ActiveCfg = Debug|Any CPU
		{13124DFD-0C06-409A-9EE5-FC2ED2E5C4D3}.Debug|Any CPU.Build.0 = Debug|Any CPU
		{13124DFD-0C06-409A-9EE5-FC2ED2E5C4D3}.Release|Any CPU.ActiveCfg = Release|Any CPU
		{13124DFD-0C06-409A-9EE5-FC2ED2E5C4D3}.Release|Any CPU.Build.0 = Release|Any CPU
		{A50F6A4C-0865-4437-ADDB-8B9DB810317F}.Debug|Any CPU.ActiveCfg = Debug|Any CPU
		{A50F6A4C-0865-4437-ADDB-8B9DB810317F}.Debug|Any CPU.Build.0 = Debug|Any CPU
		{A50F6A4C-0865-4437-ADDB-8B9DB810317F}.Release|Any CPU.ActiveCfg = Release|Any CPU
		{A50F6A4C-0865-4437-ADDB-8B9DB810317F}.Release|Any CPU.Build.0 = Release|Any CPU
	EndGlobalSection
	GlobalSection(SolutionProperties) = preSolution
		HideSolutionNode = FALSE
	EndGlobalSection
	GlobalSection(ExtensibilityGlobals) = postSolution
		SolutionGuid = {603112A8-67B4-4B7C-BB9C-7C50F1572853}
	EndGlobalSection
EndGlobal
